<?xml version="1.0" encoding="utf-8"?>
<Project ToolsVersion="4.0" xmlns="http://schemas.microsoft.com/developer/msbuild/2003">
  <ItemGroup>
    <Filter Include="Source Files">
      <UniqueIdentifier>{4FC737F1-C7A5-4376-A066-2A32D752A2FF}</UniqueIdentifier>
      <Extensions>cpp;c;cc;cxx;def;odl;idl;hpj;bat;asm;asmx</Extensions>
    </Filter>
    <Filter Include="Header Files">
      <UniqueIdentifier>{93995380-89BD-4b04-88EB-625FBE52EBFB}</UniqueIdentifier>
      <Extensions>h;hh;hpp;hxx;hm;inl;inc;xsd</Extensions>
    </Filter>
    <Filter Include="Resource Files">
      <UniqueIdentifier>{67DA6AB6-F800-4c08-8B7A-83BB121AAD01}</UniqueIdentifier>
      <Extensions>rc;ico;cur;bmp;dlg;rc2;rct;bin;rgs;gif;jpg;jpeg;jpe;resx;tiff;tif;png;wav</Extensions>
    </Filter>
  </ItemGroup>
  <ItemGroup>
    <ClCompile Include="src\benchmark.cpp">
      <Filter>Source Files</Filter>
    </ClCompile>
    <ClCompile Include="src\bitboards.cpp">
      <Filter>Source Files</Filter>
    </ClCompile>
    <ClCompile Include="src\counter.cpp">
      <Filter>Source Files</Filter>
    </ClCompile>
    <ClCompile Include="src\evaluation.cpp">
      <Filter>Source Files</Filter>
    </ClCompile>
    <ClCompile Include="src\history.cpp">
      <Filter>Source Files</Filter>
    </ClCompile>
    <ClCompile Include="src\killer.cpp">
      <Filter>Source Files</Filter>
    </ClCompile>
    <ClCompile Include="src\main.cpp">
      <Filter>Source Files</Filter>
    </ClCompile>
    <ClCompile Include="src\movegen.cpp">
      <Filter>Source Files</Filter>
    </ClCompile>
    <ClCompile Include="src\movesort.cpp">
      <Filter>Source Files</Filter>
    </ClCompile>
    <ClCompile Include="src\pht.cpp">
      <Filter>Source Files</Filter>
    </ClCompile>
    <ClCompile Include="src\position.cpp">
      <Filter>Source Files</Filter>
    </ClCompile>
    <ClCompile Include="src\search.cpp">
      <Filter>Source Files</Filter>
    </ClCompile>
    <ClCompile Include="src\tt.cpp">
      <Filter>Source Files</Filter>
    </ClCompile>
    <ClCompile Include="src\uci.cpp">
      <Filter>Source Files</Filter>
    </ClCompile>
    <ClCompile Include="src\zobrist.cpp">
      <Filter>Source Files</Filter>
    </ClCompile>
    <ClCompile Include="src\syzygy\tbprobe.cpp">
      <Filter>Source Files</Filter>
    </ClCompile>
    <ClCompile Include="src\nnue\misc.cpp">
      <Filter>Source Files</Filter>
    </ClCompile>
    <ClCompile Include="src\nnue\nnue.cpp">
      <Filter>Source Files</Filter>
    </ClCompile>
  </ItemGroup>
  <ItemGroup>
    <ClInclude Include="src\benchmark.hpp">
      <Filter>Header Files</Filter>
    </ClInclude>
    <ClInclude Include="src\bitboards.hpp">
      <Filter>Header Files</Filter>
    </ClInclude>
    <ClInclude Include="src\color.hpp">
      <Filter>Header Files</Filter>
    </ClInclude>
    <ClInclude Include="src\constants.hpp">
      <Filter>Header Files</Filter>
    </ClInclude>
    <ClInclude Include="src\counter.hpp">
      <Filter>Header Files</Filter>
    </ClInclude>
    <ClInclude Include="src\endgame.hpp">
      <Filter>Header Files</Filter>
    </ClInclude>
    <ClInclude Include="src\evaluation.hpp">
      <Filter>Header Files</Filter>
    </ClInclude>
    <ClInclude Include="src\history.hpp">
      <Filter>Header Files</Filter>
    </ClInclude>
    <ClInclude Include="src\killer.hpp">
      <Filter>Header Files</Filter>
    </ClInclude>
    <ClInclude Include="src\move.hpp">
      <Filter>Header Files</Filter>
    </ClInclude>
    <ClInclude Include="src\movegen.hpp">
      <Filter>Header Files</Filter>
    </ClInclude>
    <ClInclude Include="src\movelist.hpp">
      <Filter>Header Files</Filter>
    </ClInclude>
    <ClInclude Include="src\movesort.hpp">
      <Filter>Header Files</Filter>
    </ClInclude>
    <ClInclude Include="src\pht.hpp">
      <Filter>Header Files</Filter>
    </ClInclude>
    <ClInclude Include="src\piece.hpp">
      <Filter>Header Files</Filter>
    </ClInclude>
    <ClInclude Include="src\position.hpp">
      <Filter>Header Files</Filter>
    </ClInclude>
    <ClInclude Include="src\search.hpp">
      <Filter>Header Files</Filter>
    </ClInclude>
    <ClInclude Include="src\search_listener.hpp">
      <Filter>Header Files</Filter>
    </ClInclude>
    <ClInclude Include="src\search_parameters.hpp">
      <Filter>Header Files</Filter>
    </ClInclude>
    <ClInclude Include="src\square.hpp">
      <Filter>Header Files</Filter>
    </ClInclude>
    <ClInclude Include="src\test.hpp">
      <Filter>Header Files</Filter>
    </ClInclude>
    <ClInclude Include="src\textio.hpp">
      <Filter>Header Files</Filter>
    </ClInclude>
    <ClInclude Include="src\tt.hpp">
      <Filter>Header Files</Filter>
    </ClInclude>
    <ClInclude Include="src\uci.hpp">
      <Filter>Header Files</Filter>
    </ClInclude>
    <ClInclude Include="src\zobrist.hpp">
      <Filter>Header Files</Filter>
    </ClInclude>
    <ClInclude Include="src\syzygy\tbcore-impl.hpp">
      <Filter>Header Files</Filter>
    </ClInclude>
    <ClInclude Include="src\syzygy\tbcore.hpp">
      <Filter>Header Files</Filter>
    </ClInclude>
    <ClInclude Include="src\syzygy\tbprobe.hpp">
      <Filter>Header Files</Filter>
    </ClInclude>
    <ClInclude Include="src\utils\clamp.hpp">
      <Filter>Header Files</Filter>
    </ClInclude>
    <ClInclude Include="src\utils\exception.hpp">
      <Filter>Header Files</Filter>
    </ClInclude>
    <ClInclude Include="src\utils\stopwatch.hpp">
      <Filter>Header Files</Filter>
    </ClInclude>
    <ClInclude Include="src\utils\synchronized_ostream.hpp">
      <Filter>Header Files</Filter>
    </ClInclude>
    <ClInclude Include="src\utils\threadpool.hpp">
      <Filter>Header Files</Filter>
    </ClInclude>
    <ClInclude Include="src\nnue\misc.h">
      <Filter>Header Files</Filter>
    </ClInclude>
    <ClInclude Include="src\nnue\nnue.h">
      <Filter>Header Files</Filter>
    </ClInclude>
  </ItemGroup>
</Project>